
Microsoft Visual Studio Solution File, Format Version 12.00
# Visual Studio Version 17
VisualStudioVersion = 17.6.33829.357
MinimumVisualStudioVersion = 10.0.40219.1
Project("{9A19103F-16F7-4668-BE54-9A1E7A4F7556}") = "DZ-7.8", "DZ-7.8\DZ-7.8.csproj", "{5419B2F3-E978-4F74-ADA1-6005093C8F0E}"
EndProject
Global
	GlobalSection(SolutionConfigurationPlatforms) = preSolution
		Debug|Any CPU = Debug|Any CPU
		Release|Any CPU = Release|Any CPU
	EndGlobalSection
	GlobalSection(ProjectConfigurationPlatforms) = postSolution
		{5419B2F3-E978-4F74-ADA1-6005093C8F0E}.Debug|Any CPU.ActiveCfg = Debug|Any CPU
		{5419B2F3-E978-4F74-ADA1-6005093C8F0E}.Debug|Any CPU.Build.0 = Debug|Any CPU
		{5419B2F3-E978-4F74-ADA1-6005093C8F0E}.Release|Any CPU.ActiveCfg = Release|Any CPU
		{5419B2F3-E978-4F74-ADA1-6005093C8F0E}.Release|Any CPU.Build.0 = Release|Any CPU
	EndGlobalSection
	GlobalSection(SolutionProperties) = preSolution
		HideSolutionNode = FALSE
	EndGlobalSection
	GlobalSection(ExtensibilityGlobals) = postSolution
		SolutionGuid = {A4BFD856-9945-4CD8-B73C-4CB5770BB97E}
	EndGlobalSection
EndGlobal
